
Microsoft Visual Studio Solution File, Format Version 12.00
# Visual Studio Version 16
VisualStudioVersion = 16.0.32510.428
MinimumVisualStudioVersion = 10.0.40219.1
Project("{FAE04EC0-301F-11D3-BF4B-00C04F79EFBC}") = "DashFit", "DashFit\DashFit.csproj", "{777C1904-A7CF-4BD5-8054-7590AAD8A062}"
EndProject
Global
	GlobalSection(SolutionConfigurationPlatforms) = preSolution
		Debug|Any CPU = Debug|Any CPU
		Release|Any CPU = Release|Any CPU
	EndGlobalSection
	GlobalSection(ProjectConfigurationPlatforms) = postSolution
		{777C1904-A7CF-4BD5-8054-7590AAD8A062}.Debug|Any CPU.ActiveCfg = Debug|Any CPU
		{777C1904-A7CF-4BD5-8054-7590AAD8A062}.Debug|Any CPU.Build.0 = Debug|Any CPU
		{777C1904-A7CF-4BD5-8054-7590AAD8A062}.Release|Any CPU.ActiveCfg = Release|Any CPU
		{777C1904-A7CF-4BD5-8054-7590AAD8A062}.Release|Any CPU.Build.0 = Release|Any CPU
	EndGlobalSection
	GlobalSection(SolutionProperties) = preSolution
		HideSolutionNode = FALSE
	EndGlobalSection
	GlobalSection(ExtensibilityGlobals) = postSolution
		SolutionGuid = {50208232-26A0-47DA-8B83-1CDEC4AE4A84}
	EndGlobalSection
EndGlobal
